
Microsoft Visual Studio Solution File, Format Version 12.00
# Visual Studio Version 16
VisualStudioVersion = 16.0.30330.147
MinimumVisualStudioVersion = 10.0.40219.1
Project("{9A19103F-16F7-4668-BE54-9A1E7A4F7556}") = "Movie Catalog", "Movie Catalog\Movie Catalog.csproj", "{E622E1BA-95E8-41DC-929D-C9CE3984ADBF}"
EndProject
Global
	GlobalSection(SolutionConfigurationPlatforms) = preSolution
		Debug|Any CPU = Debug|Any CPU
		Release|Any CPU = Release|Any CPU
	EndGlobalSection
	GlobalSection(ProjectConfigurationPlatforms) = postSolution
		{E622E1BA-95E8-41DC-929D-C9CE3984ADBF}.Debug|Any CPU.ActiveCfg = Debug|Any CPU
		{E622E1BA-95E8-41DC-929D-C9CE3984ADBF}.Debug|Any CPU.Build.0 = Debug|Any CPU
		{E622E1BA-95E8-41DC-929D-C9CE3984ADBF}.Release|Any CPU.ActiveCfg = Release|Any CPU
		{E622E1BA-95E8-41DC-929D-C9CE3984ADBF}.Release|Any CPU.Build.0 = Release|Any CPU
	EndGlobalSection
	GlobalSection(SolutionProperties) = preSolution
		HideSolutionNode = FALSE
	EndGlobalSection
	GlobalSection(ExtensibilityGlobals) = postSolution
		SolutionGuid = {07E65B06-15A1-4608-A50A-92D0B25D9353}
	EndGlobalSection
EndGlobal
